
Microsoft Visual Studio Solution File, Format Version 12.00
# Visual Studio Version 17
VisualStudioVersion = 17.1.32210.238
MinimumVisualStudioVersion = 10.0.40219.1
Project("{FAE04EC0-301F-11D3-BF4B-00C04F79EFBC}") = "NBA", "NBA.csproj", "{E8C98C25-1FFF-4FE5-86A1-A547C88F52D3}"
EndProject
Global
	GlobalSection(SolutionConfigurationPlatforms) = preSolution
		Debug|Any CPU = Debug|Any CPU
		Release|Any CPU = Release|Any CPU
	EndGlobalSection
	GlobalSection(ProjectConfigurationPlatforms) = postSolution
		{E8C98C25-1FFF-4FE5-86A1-A547C88F52D3}.Debug|Any CPU.ActiveCfg = Debug|Any CPU
		{E8C98C25-1FFF-4FE5-86A1-A547C88F52D3}.Debug|Any CPU.Build.0 = Debug|Any CPU
		{E8C98C25-1FFF-4FE5-86A1-A547C88F52D3}.Release|Any CPU.ActiveCfg = Release|Any CPU
		{E8C98C25-1FFF-4FE5-86A1-A547C88F52D3}.Release|Any CPU.Build.0 = Release|Any CPU
	EndGlobalSection
	GlobalSection(SolutionProperties) = preSolution
		HideSolutionNode = FALSE
	EndGlobalSection
	GlobalSection(ExtensibilityGlobals) = postSolution
		SolutionGuid = {31EBB822-D8E0-4F54-A39D-DF69420D4EE2}
	EndGlobalSection
EndGlobal
